
Microsoft Visual Studio Solution File, Format Version 12.00
# Visual Studio Version 17
VisualStudioVersion = 17.14.36414.22 d17.14
MinimumVisualStudioVersion = 10.0.40219.1
Project("{FAE04EC0-301F-11D3-BF4B-00C04F79EFBC}") = "NguyenQuocViet_2022601829", "NguyenQuocViet_2022601829\NguyenQuocViet_2022601829.csproj", "{6842AC58-DED2-461E-B9B7-C620D38BACCA}"
EndProject
Global
	GlobalSection(SolutionConfigurationPlatforms) = preSolution
		Debug|Any CPU = Debug|Any CPU
		Release|Any CPU = Release|Any CPU
	EndGlobalSection
	GlobalSection(ProjectConfigurationPlatforms) = postSolution
		{6842AC58-DED2-461E-B9B7-C620D38BACCA}.Debug|Any CPU.ActiveCfg = Debug|Any CPU
		{6842AC58-DED2-461E-B9B7-C620D38BACCA}.Debug|Any CPU.Build.0 = Debug|Any CPU
		{6842AC58-DED2-461E-B9B7-C620D38BACCA}.Release|Any CPU.ActiveCfg = Release|Any CPU
		{6842AC58-DED2-461E-B9B7-C620D38BACCA}.Release|Any CPU.Build.0 = Release|Any CPU
	EndGlobalSection
	GlobalSection(SolutionProperties) = preSolution
		HideSolutionNode = FALSE
	EndGlobalSection
	GlobalSection(ExtensibilityGlobals) = postSolution
		SolutionGuid = {4BAEFD91-A440-4660-BEB2-01993CC5C31A}
	EndGlobalSection
EndGlobal
