
Microsoft Visual Studio Solution File, Format Version 12.00
# Visual Studio Version 17
VisualStudioVersion = 17.14.36414.22 d17.14
MinimumVisualStudioVersion = 10.0.40219.1
Project("{FAE04EC0-301F-11D3-BF4B-00C04F79EFBC}") = "NguyenQuocViet_2022601829", "NguyenQuocViet_2022601829\NguyenQuocViet_2022601829.csproj", "{D646EA10-1039-45CB-9674-8BE9C6646F52}"
EndProject
Global
	GlobalSection(SolutionConfigurationPlatforms) = preSolution
		Debug|Any CPU = Debug|Any CPU
		Release|Any CPU = Release|Any CPU
	EndGlobalSection
	GlobalSection(ProjectConfigurationPlatforms) = postSolution
		{D646EA10-1039-45CB-9674-8BE9C6646F52}.Debug|Any CPU.ActiveCfg = Debug|Any CPU
		{D646EA10-1039-45CB-9674-8BE9C6646F52}.Debug|Any CPU.Build.0 = Debug|Any CPU
		{D646EA10-1039-45CB-9674-8BE9C6646F52}.Release|Any CPU.ActiveCfg = Release|Any CPU
		{D646EA10-1039-45CB-9674-8BE9C6646F52}.Release|Any CPU.Build.0 = Release|Any CPU
	EndGlobalSection
	GlobalSection(SolutionProperties) = preSolution
		HideSolutionNode = FALSE
	EndGlobalSection
	GlobalSection(ExtensibilityGlobals) = postSolution
		SolutionGuid = {96FD565F-AD77-418E-B6DF-37AEABFBD54B}
	EndGlobalSection
EndGlobal
