
Microsoft Visual Studio Solution File, Format Version 12.00
# Visual Studio Version 17
VisualStudioVersion = 17.14.36327.8
MinimumVisualStudioVersion = 10.0.40219.1
Project("{FAE04EC0-301F-11D3-BF4B-00C04F79EFBC}") = "StudentManagement", "TX2\StudentManagement.csproj", "{4A15A062-C7DB-4F49-8F7B-24CF24CE19B4}"
EndProject
Project("{FAE04EC0-301F-11D3-BF4B-00C04F79EFBC}") = "QLSVTEST", "QLSVTEST\QLSVTEST.csproj", "{DE7DF7B7-94C3-495F-AEE0-12F5925C12F8}"
EndProject
Project("{FAE04EC0-301F-11D3-BF4B-00C04F79EFBC}") = "TruongHoc", "TruongHoc\TruongHoc.csproj", "{F60376FD-8750-485E-8A38-395D03F88C43}"
EndProject
Project("{FAE04EC0-301F-11D3-BF4B-00C04F79EFBC}") = "School", "School\School.csproj", "{FD5E2D3F-3951-4360-90A6-C730E453F434}"
EndProject
Project("{FAE04EC0-301F-11D3-BF4B-00C04F79EFBC}") = "KetQuaHocTap", "KetQuaHocTap\KetQuaHocTap.csproj", "{B229A30D-75E4-414A-A542-5EC7B1193D2E}"
EndProject
Global
	GlobalSection(SolutionConfigurationPlatforms) = preSolution
		Debug|Any CPU = Debug|Any CPU
		Release|Any CPU = Release|Any CPU
	EndGlobalSection
	GlobalSection(ProjectConfigurationPlatforms) = postSolution
		{4A15A062-C7DB-4F49-8F7B-24CF24CE19B4}.Debug|Any CPU.ActiveCfg = Debug|Any CPU
		{4A15A062-C7DB-4F49-8F7B-24CF24CE19B4}.Debug|Any CPU.Build.0 = Debug|Any CPU
		{4A15A062-C7DB-4F49-8F7B-24CF24CE19B4}.Release|Any CPU.ActiveCfg = Release|Any CPU
		{4A15A062-C7DB-4F49-8F7B-24CF24CE19B4}.Release|Any CPU.Build.0 = Release|Any CPU
		{DE7DF7B7-94C3-495F-AEE0-12F5925C12F8}.Debug|Any CPU.ActiveCfg = Debug|Any CPU
		{DE7DF7B7-94C3-495F-AEE0-12F5925C12F8}.Debug|Any CPU.Build.0 = Debug|Any CPU
		{DE7DF7B7-94C3-495F-AEE0-12F5925C12F8}.Release|Any CPU.ActiveCfg = Release|Any CPU
		{DE7DF7B7-94C3-495F-AEE0-12F5925C12F8}.Release|Any CPU.Build.0 = Release|Any CPU
		{F60376FD-8750-485E-8A38-395D03F88C43}.Debug|Any CPU.ActiveCfg = Debug|Any CPU
		{F60376FD-8750-485E-8A38-395D03F88C43}.Debug|Any CPU.Build.0 = Debug|Any CPU
		{F60376FD-8750-485E-8A38-395D03F88C43}.Release|Any CPU.ActiveCfg = Release|Any CPU
		{F60376FD-8750-485E-8A38-395D03F88C43}.Release|Any CPU.Build.0 = Release|Any CPU
		{FD5E2D3F-3951-4360-90A6-C730E453F434}.Debug|Any CPU.ActiveCfg = Debug|Any CPU
		{FD5E2D3F-3951-4360-90A6-C730E453F434}.Debug|Any CPU.Build.0 = Debug|Any CPU
		{FD5E2D3F-3951-4360-90A6-C730E453F434}.Release|Any CPU.ActiveCfg = Release|Any CPU
		{FD5E2D3F-3951-4360-90A6-C730E453F434}.Release|Any CPU.Build.0 = Release|Any CPU
		{B229A30D-75E4-414A-A542-5EC7B1193D2E}.Debug|Any CPU.ActiveCfg = Debug|Any CPU
		{B229A30D-75E4-414A-A542-5EC7B1193D2E}.Debug|Any CPU.Build.0 = Debug|Any CPU
		{B229A30D-75E4-414A-A542-5EC7B1193D2E}.Release|Any CPU.ActiveCfg = Release|Any CPU
		{B229A30D-75E4-414A-A542-5EC7B1193D2E}.Release|Any CPU.Build.0 = Release|Any CPU
	EndGlobalSection
	GlobalSection(SolutionProperties) = preSolution
		HideSolutionNode = FALSE
	EndGlobalSection
	GlobalSection(ExtensibilityGlobals) = postSolution
		SolutionGuid = {8B08A499-95F0-4000-B50F-FB8A86721E82}
	EndGlobalSection
EndGlobal
