
Microsoft Visual Studio Solution File, Format Version 12.00
# Visual Studio Version 17
VisualStudioVersion = 17.14.36414.22 d17.14
MinimumVisualStudioVersion = 10.0.40219.1
Project("{FAE04EC0-301F-11D3-BF4B-00C04F79EFBC}") = "2022601829_NguyenQuocViet_call", "2022601829_NguyenQuocViet_call\2022601829_NguyenQuocViet_call.csproj", "{8E4807C9-BC17-4126-9C21-5DE23124542B}"
EndProject
Global
	GlobalSection(SolutionConfigurationPlatforms) = preSolution
		Debug|Any CPU = Debug|Any CPU
		Release|Any CPU = Release|Any CPU
	EndGlobalSection
	GlobalSection(ProjectConfigurationPlatforms) = postSolution
		{8E4807C9-BC17-4126-9C21-5DE23124542B}.Debug|Any CPU.ActiveCfg = Debug|Any CPU
		{8E4807C9-BC17-4126-9C21-5DE23124542B}.Debug|Any CPU.Build.0 = Debug|Any CPU
		{8E4807C9-BC17-4126-9C21-5DE23124542B}.Release|Any CPU.ActiveCfg = Release|Any CPU
		{8E4807C9-BC17-4126-9C21-5DE23124542B}.Release|Any CPU.Build.0 = Release|Any CPU
	EndGlobalSection
	GlobalSection(SolutionProperties) = preSolution
		HideSolutionNode = FALSE
	EndGlobalSection
	GlobalSection(ExtensibilityGlobals) = postSolution
		SolutionGuid = {8B6AE9CB-B97F-4939-934F-EB13CBE1AB17}
	EndGlobalSection
EndGlobal
